{
  "name": "silent-defects",
  "version": "0.1.0",
  "lockfileVersion": 3,
  "requires": true,
  "packages": {
    "": {
      "name": "silent-defects",
      "version": "0.1.0",
      "license": "MIT",
      "bin": {
        "silent-defects": "bin/cli.mjs"
      },
      "engines": {
        "node": ">=18"
      }
    }
  }
}
